
Microsoft Visual Studio Solution File, Format Version 12.00
# Visual Studio Version 17
VisualStudioVersion = 17.4.33213.308
MinimumVisualStudioVersion = 10.0.40219.1
Project("{FAE04EC0-301F-11D3-BF4B-00C04F79EFBC}") = "projjjjjject", "projjjjjject\projjjjjject.csproj", "{AD944FCF-0D23-4F75-A09C-2B5854497972}"
EndProject
Global
	GlobalSection(SolutionConfigurationPlatforms) = preSolution
		Debug|Any CPU = Debug|Any CPU
		Release|Any CPU = Release|Any CPU
	EndGlobalSection
	GlobalSection(ProjectConfigurationPlatforms) = postSolution
		{AD944FCF-0D23-4F75-A09C-2B5854497972}.Debug|Any CPU.ActiveCfg = Debug|Any CPU
		{AD944FCF-0D23-4F75-A09C-2B5854497972}.Debug|Any CPU.Build.0 = Debug|Any CPU
		{AD944FCF-0D23-4F75-A09C-2B5854497972}.Release|Any CPU.ActiveCfg = Release|Any CPU
		{AD944FCF-0D23-4F75-A09C-2B5854497972}.Release|Any CPU.Build.0 = Release|Any CPU
	EndGlobalSection
	GlobalSection(SolutionProperties) = preSolution
		HideSolutionNode = FALSE
	EndGlobalSection
	GlobalSection(ExtensibilityGlobals) = postSolution
		SolutionGuid = {80DF8586-D41D-48AA-B83D-47453D8E7841}
	EndGlobalSection
EndGlobal
